
Microsoft Visual Studio Solution File, Format Version 12.00
# Visual Studio Version 17
VisualStudioVersion = 17.12.35707.178 d17.12
MinimumVisualStudioVersion = 10.0.40219.1
Project("{FAE04EC0-301F-11D3-BF4B-00C04F79EFBC}") = "M5TeE", "M5TeE\M5TeE.csproj", "{FCC851A9-C758-469B-A092-8F79FAC1358E}"
EndProject
Global
	GlobalSection(SolutionConfigurationPlatforms) = preSolution
		Debug|Any CPU = Debug|Any CPU
		Release|Any CPU = Release|Any CPU
	EndGlobalSection
	GlobalSection(ProjectConfigurationPlatforms) = postSolution
		{FCC851A9-C758-469B-A092-8F79FAC1358E}.Debug|Any CPU.ActiveCfg = Debug|Any CPU
		{FCC851A9-C758-469B-A092-8F79FAC1358E}.Debug|Any CPU.Build.0 = Debug|Any CPU
		{FCC851A9-C758-469B-A092-8F79FAC1358E}.Release|Any CPU.ActiveCfg = Release|Any CPU
		{FCC851A9-C758-469B-A092-8F79FAC1358E}.Release|Any CPU.Build.0 = Release|Any CPU
	EndGlobalSection
	GlobalSection(SolutionProperties) = preSolution
		HideSolutionNode = FALSE
	EndGlobalSection
EndGlobal
